NeoBundleLock neobundle.vim 8ea71a7c3303f043a127b2d1d1a41e81dc85c132
NeoBundleLock neocomplcache 778181767467b8f8016828898779a646074d883a
NeoBundleLock neomru.vim e317db0bb40fddc569a3d71d5ed3acb1df4e2da0
NeoBundleLock nerdtree 4ebbb533c3faf2c480211db2b547972bb3b60f2b
NeoBundleLock unite.vim c9ce3b13c19352e3b791db227aa373c0b028d656
NeoBundleLock vim-endwise 0067ceda37725d01b7bd5bf249d63b1b5d4e2ab4
NeoBundleLock vim-indent-guides 49bde6fa30648345ffabfe55b3a095a293568a2e
