NeoBundleLock auto-ctags.vim 8b0c0412b04e68d1867fddf342e84e6bd82f91ec
NeoBundleLock neobundle.vim 8ea71a7c3303f043a127b2d1d1a41e81dc85c132
NeoBundleLock neocomplcache 778181767467b8f8016828898779a646074d883a
NeoBundleLock neocomplcache-rsense.vim 9b34d0016085ee0c254579bca151c3f0b632d37f
NeoBundleLock neocomplcache.vim 778181767467b8f8016828898779a646074d883a
NeoBundleLock neosnippet d5bef2e5bed5400733728765bf1fe671a655d209
NeoBundleLock neosnippet-snippets 17219351bcbec3708295c72c8280471eed12b8fe
NeoBundleLock nerdtree 4ebbb533c3faf2c480211db2b547972bb3b60f2b
NeoBundleLock rsense 0d79beef03b9a8567c3656bbc889b46e4fce5568
NeoBundleLock syntastic cee74e0c1af934065fd1b3046e53cda76574f703
NeoBundleLock vim-endwise 0067ceda37725d01b7bd5bf249d63b1b5d4e2ab4
NeoBundleLock vimproc c2f6b82af60a4e7acde0e8dc4e6b6f5dc1cc8e1d
